
Microsoft Visual Studio Solution File, Format Version 12.00
# Visual Studio 15
VisualStudioVersion = 15.0.28307.1000
MinimumVisualStudioVersion = 10.0.40219.1
Project("{FAE04EC0-301F-11D3-BF4B-00C04F79EFBC}") = "TCP_Server", "TCP_Server\TCP_Server.csproj", "{F60E9B2C-D4E7-4875-BED7-30C91BFEEC38}"
EndProject
Global
	GlobalSection(SolutionConfigurationPlatforms) = preSolution
		Debug|Any CPU = Debug|Any CPU
		Release|Any CPU = Release|Any CPU
	EndGlobalSection
	GlobalSection(ProjectConfigurationPlatforms) = postSolution
		{F60E9B2C-D4E7-4875-BED7-30C91BFEEC38}.Debug|Any CPU.ActiveCfg = Debug|Any CPU
		{F60E9B2C-D4E7-4875-BED7-30C91BFEEC38}.Debug|Any CPU.Build.0 = Debug|Any CPU
		{F60E9B2C-D4E7-4875-BED7-30C91BFEEC38}.Release|Any CPU.ActiveCfg = Release|Any CPU
		{F60E9B2C-D4E7-4875-BED7-30C91BFEEC38}.Release|Any CPU.Build.0 = Release|Any CPU
	EndGlobalSection
	GlobalSection(SolutionProperties) = preSolution
		HideSolutionNode = FALSE
	EndGlobalSection
	GlobalSection(ExtensibilityGlobals) = postSolution
		SolutionGuid = {72DE421E-50A5-4F14-B29A-E0D5F3D754C5}
	EndGlobalSection
EndGlobal
